{
  "name": "frontend",
  "version": "1.0.0",
  "lockfileVersion": 3,
  "requires": true,
  "packages": {
    "": {
      "name": "frontend",
      "version": "1.0.0",
      "workspaces": [
        "packages/*"
      ]
    },
    "node_modules/@fluentui/date-time-utilities": {
      "version": "8.6.10",
      "resolved": "https://registry.npmjs.org/@fluentui/date-time-utilities/-/date-time-utilities-8.6.10.tgz",
      "integrity": "sha512-Bxq8DIMkFvkpCA1HKtCHdnFwPAnXLz3TkGp9kpi2T6VIv6VtLVSxRn95mbsUydpP9Up/DLglp/z9re5YFBGNbw==",
      "license": "MIT",
      "dependencies": {
        "@fluentui/set-version": "^8.2.24",
        "tslib": "^2.1.0"
      }
    },
    "node_modules/@fluentui/dom-utilities": {
      "version": "2.3.10",
      "resolved": "https://registry.npmjs.org/@fluentui/dom-utilities/-/dom-utilities-2.3.10.tgz",
      "integrity": "sha512-6WDImiLqTOpkEtfUKSStcTDpzmJfL6ZammomcjawN9xH/8u8G3Hx72CIt2MNck9giw/oUlNLJFdWRAjeP3rmPQ==",
      "license": "MIT",
      "dependencies": {
        "@fluentui/set-version": "^8.2.24",
        "tslib": "^2.1.0"
      }
    },
    "node_modules/@fluentui/font-icons-mdl2": {
      "version": "8.5.63",
      "resolved": "https://registry.npmjs.org/@fluentui/font-icons-mdl2/-/font-icons-mdl2-8.5.63.tgz",
      "integrity": "sha512-aSwI7GiIICvzrzok8xV082U1U8oieyjELUFjyocC12/WoAYUdLJAk3L4nh4o4WaFgpfHmbtBul7GIeJBDQxaHA==",
      "license": "MIT",
      "dependencies": {
        "@fluentui/set-version": "^8.2.24",
        "@fluentui/style-utilities": "^8.12.4",
        "@fluentui/utilities": "^8.15.23",
        "tslib": "^2.1.0"
      }
    },
    "node_modules/@fluentui/foundation-legacy": {
      "version": "8.4.30",
      "resolved": "https://registry.npmjs.org/@fluentui/foundation-legacy/-/foundation-legacy-8.4.30.tgz",
      "integrity": "sha512-BQv7CqILjI+xKMZOOrs01EnuMeRBecmDRze2ThuxB8vZx+xTmBgDlrRIHnWDFIqfC6dMvNCnBwu6ubgiPk8ybQ==",
      "license": "MIT",
      "dependencies": {
        "@fluentui/merge-styles": "^8.6.14",
        "@fluentui/set-version": "^8.2.24",
        "@fluentui/style-utilities": "^8.12.4",
        "@fluentui/utilities": "^8.15.23",
        "tslib": "^2.1.0"
      },
      "peerDependencies": {
        "@types/react": ">=16.8.0 <19.0.0",
        "react": ">=16.8.0 <19.0.0"
      }
    },
    "node_modules/@fluentui/keyboard-key": {
      "version": "0.4.23",
      "resolved": "https://registry.npmjs.org/@fluentui/keyboard-key/-/keyboard-key-0.4.23.tgz",
      "integrity": "sha512-9GXeyUqNJUdg5JiQUZeGPiKnRzMRi9YEUn1l9zq6X/imYdMhxHrxpVZS12129cBfgvPyxt9ceJpywSfmLWqlKA==",
      "license": "MIT",
      "dependencies": {
        "tslib": "^2.1.0"
      }
    },
    "node_modules/@fluentui/merge-styles": {
      "version": "8.6.14",
      "resolved": "https://registry.npmjs.org/@fluentui/merge-styles/-/merge-styles-8.6.14.tgz",
      "integrity": "sha512-vghuHFAfQgS9WLIIs4kgDOCh/DHd5vGIddP4/bzposhlAVLZR6wUBqldm9AuCdY88r5LyCRMavVJLV+Up3xdvA==",
      "license": "MIT",
      "dependencies": {
        "@fluentui/set-version": "^8.2.24",
        "tslib": "^2.1.0"
      }
    },
    "node_modules/@fluentui/react": {
      "version": "8.123.6",
      "resolved": "https://registry.npmjs.org/@fluentui/react/-/react-8.123.6.tgz",
      "integrity": "sha512-z/y2Zqz3oeqb9VtWAtkvwt1yJ0TCJgqgU8hTGEUl6SuwXZqb0jTJamXXfB7T1DlSOkf2mTXaMU4alXX/odaONQ==",
      "license": "MIT",
      "dependencies": {
        "@fluentui/date-time-utilities": "^8.6.10",
        "@fluentui/font-icons-mdl2": "^8.5.63",
        "@fluentui/foundation-legacy": "^8.4.30",
        "@fluentui/merge-styles": "^8.6.14",
        "@fluentui/react-focus": "^8.9.26",
        "@fluentui/react-hooks": "^8.8.19",
        "@fluentui/react-portal-compat-context": "^9.0.14",
        "@fluentui/react-window-provider": "^2.2.30",
        "@fluentui/set-version": "^8.2.24",
        "@fluentui/style-utilities": "^8.12.4",
        "@fluentui/theme": "^2.6.67",
        "@fluentui/utilities": "^8.15.23",
        "@microsoft/load-themed-styles": "^1.10.26",
        "tslib": "^2.1.0"
      },
      "peerDependencies": {
        "@types/react": ">=16.8.0 <19.0.0",
        "@types/react-dom": ">=16.8.0 <19.0.0",
        "react": ">=16.8.0 <19.0.0",
        "react-dom": ">=16.8.0 <19.0.0"
      }
    },
    "node_modules/@fluentui/react-focus": {
      "version": "8.9.26",
      "resolved": "https://registry.npmjs.org/@fluentui/react-focus/-/react-focus-8.9.26.tgz",
      "integrity": "sha512-mbFsdCSSgpxTxw3dCIek7hmTubxJZT4+7uFRZOo0abKKCn6rWGcQWpiLT9ndJrD6I5TtEzJaw68WEk7kvFYyAw==",
      "license": "MIT",
      "dependencies": {
        "@fluentui/keyboard-key": "^0.4.23",
        "@fluentui/merge-styles": "^8.6.14",
        "@fluentui/set-version": "^8.2.24",
        "@fluentui/style-utilities": "^8.12.4",
        "@fluentui/utilities": "^8.15.23",
        "tslib": "^2.1.0"
      },
      "peerDependencies": {
        "@types/react": ">=16.8.0 <19.0.0",
        "react": ">=16.8.0 <19.0.0"
      }
    },
    "node_modules/@fluentui/react-hooks": {
      "version": "8.8.19",
      "resolved": "https://registry.npmjs.org/@fluentui/react-hooks/-/react-hooks-8.8.19.tgz",
      "integrity": "sha512-uXcETVTl2L0G/Ocyb2Rjym96tcJd2NaZ2Hqt6EJcBb9KJD9irNeXjCCxsRNPC5kBDbfrQML2aai+M2kU9lZKNQ==",
      "license": "MIT",
      "dependencies": {
        "@fluentui/react-window-provider": "^2.2.30",
        "@fluentui/set-version": "^8.2.24",
        "@fluentui/utilities": "^8.15.22",
        "tslib": "^2.1.0"
      },
      "peerDependencies": {
        "@types/react": ">=16.8.0 <19.0.0",
        "react": ">=16.8.0 <19.0.0"
      }
    },
    "node_modules/@fluentui/react-portal-compat-context": {
      "version": "9.0.14",
      "resolved": "https://registry.npmjs.org/@fluentui/react-portal-compat-context/-/react-portal-compat-context-9.0.14.tgz",
      "integrity": "sha512-OyAaHIbkwqlIgStd8qnS2gcZMmrNokesCUnmELzaygTHJ8Q4L9BPlah98b0wRFf5Sdeu1EPT6nDgn3VuLGqSnQ==",
      "license": "MIT",
      "dependencies": {
        "@swc/helpers": "^0.5.1"
      },
      "peerDependencies": {
        "@types/react": ">=16.14.0 <20.0.0",
        "react": ">=16.14.0 <20.0.0"
      }
    },
    "node_modules/@fluentui/react-window-provider": {
      "version": "2.2.30",
      "resolved": "https://registry.npmjs.org/@fluentui/react-window-provider/-/react-window-provider-2.2.30.tgz",
      "integrity": "sha512-2SXuiZcU29W0D9zfExcTfzVx97OI50YCn5fGGO0bTDuP5VxzTQp1mipAY4qm/yJMMinoXkzBGLl1rK0Tdtxh1w==",
      "license": "MIT",
      "dependencies": {
        "@fluentui/set-version": "^8.2.24",
        "tslib": "^2.1.0"
      },
      "peerDependencies": {
        "@types/react": ">=16.8.0 <19.0.0",
        "react": ">=16.8.0 <19.0.0"
      }
    },
    "node_modules/@fluentui/set-version": {
      "version": "8.2.24",
      "resolved": "https://registry.npmjs.org/@fluentui/set-version/-/set-version-8.2.24.tgz",
      "integrity": "sha512-8uNi2ThvNgF+6d3q2luFVVdk/wZV0AbRfJ85kkvf2+oSRY+f6QVK0w13vMorNhA5puumKcZniZoAfUF02w7NSg==",
      "license": "MIT",
      "dependencies": {
        "tslib": "^2.1.0"
      }
    },
    "node_modules/@fluentui/style-utilities": {
      "version": "8.12.4",
      "resolved": "https://registry.npmjs.org/@fluentui/style-utilities/-/style-utilities-8.12.4.tgz",
      "integrity": "sha512-s+u9v5gQ1SMLsuI7pUP2rXo6Kd2v+X2l4eKQxKO4UO0dZv/kLaA4fnmkXaIDpKkLS+eI9KBAG/W2KhojwBSt1g==",
      "license": "MIT",
      "dependencies": {
        "@fluentui/merge-styles": "^8.6.14",
        "@fluentui/set-version": "^8.2.24",
        "@fluentui/theme": "^2.6.67",
        "@fluentui/utilities": "^8.15.23",
        "@microsoft/load-themed-styles": "^1.10.26",
        "tslib": "^2.1.0"
      }
    },
    "node_modules/@fluentui/theme": {
      "version": "2.6.67",
      "resolved": "https://registry.npmjs.org/@fluentui/theme/-/theme-2.6.67.tgz",
      "integrity": "sha512-+9+VkIkZ+NCQDXFP6+WV2ChAj/KHphOEDCvGO15w8ql7sqRxeRQACtoWYNq1tAAsodbnq/amCfo2PNy2VIcIOQ==",
      "license": "MIT",
      "dependencies": {
        "@fluentui/merge-styles": "^8.6.14",
        "@fluentui/set-version": "^8.2.24",
        "@fluentui/utilities": "^8.15.22",
        "tslib": "^2.1.0"
      },
      "peerDependencies": {
        "@types/react": ">=16.8.0 <19.0.0",
        "react": ">=16.8.0 <19.0.0"
      }
    },
    "node_modules/@fluentui/utilities": {
      "version": "8.15.23",
      "resolved": "https://registry.npmjs.org/@fluentui/utilities/-/utilities-8.15.23.tgz",
      "integrity": "sha512-Vrto/daJ8lhwAZqf5XkC3qi+4PW8Dk2X0yXNgia9aV2wxsbMoEikqC08cNQnapTaBLkurAIShTbR56mxKh8Kyw==",
      "license": "MIT",
      "dependencies": {
        "@fluentui/dom-utilities": "^2.3.10",
        "@fluentui/merge-styles": "^8.6.14",
        "@fluentui/react-window-provider": "^2.2.30",
        "@fluentui/set-version": "^8.2.24",
        "tslib": "^2.1.0"
      },
      "peerDependencies": {
        "@types/react": ">=16.8.0 <19.0.0",
        "react": ">=16.8.0 <19.0.0"
      }
    },
    "node_modules/@frontend/typing": {
      "resolved": "packages/typing",
      "link": true
    },
    "node_modules/@microsoft/load-themed-styles": {
      "version": "1.10.295",
      "resolved": "https://registry.npmjs.org/@microsoft/load-themed-styles/-/load-themed-styles-1.10.295.tgz",
      "integrity": "sha512-W+IzEBw8a6LOOfRJM02dTT7BDZijxm+Z7lhtOAz1+y9vQm1Kdz9jlAO+qCEKsfxtUOmKilW8DIRqFw2aUgKeGg==",
      "license": "MIT"
    },
    "node_modules/@swc/helpers": {
      "version": "0.5.17",
      "resolved": "https://registry.npmjs.org/@swc/helpers/-/helpers-0.5.17.tgz",
      "integrity": "sha512-5IKx/Y13RsYd+sauPb2x+U/xZikHjolzfuDgTAl/Tdf3Q8rslRvC19NKDLgAJQ6wsqADk10ntlv08nPFw/gO/A==",
      "license": "Apache-2.0",
      "dependencies": {
        "tslib": "^2.8.0"
      }
    },
    "node_modules/@types/react": {
      "version": "19.1.13",
      "resolved": "https://registry.npmjs.org/@types/react/-/react-19.1.13.tgz",
      "integrity": "sha512-hHkbU/eoO3EG5/MZkuFSKmYqPbSVk5byPFa3e7y/8TybHiLMACgI8seVYlicwk7H5K/rI2px9xrQp/C+AUDTiQ==",
      "license": "MIT",
      "dependencies": {
        "csstype": "^3.0.2"
      }
    },
    "node_modules/@types/react-dom": {
      "version": "19.1.9",
      "resolved": "https://registry.npmjs.org/@types/react-dom/-/react-dom-19.1.9.tgz",
      "integrity": "sha512-qXRuZaOsAdXKFyOhRBg6Lqqc0yay13vN7KrIg4L7N4aaHN68ma9OK3NE1BoDFgFOTfM7zg+3/8+2n8rLUH3OKQ==",
      "license": "MIT",
      "peerDependencies": {
        "@types/react": "^19.0.0"
      }
    },
    "node_modules/components": {
      "resolved": "packages/components",
      "link": true
    },
    "node_modules/csstype": {
      "version": "3.1.3",
      "resolved": "https://registry.npmjs.org/csstype/-/csstype-3.1.3.tgz",
      "integrity": "sha512-M1uQkMl8rQK/szD0LNhtqxIPLpimGm8sOBwU7lLnCpSbTyY3yeU1Vc7l4KT5zT4s/yOxHH5O7tIuuLOCnLADRw==",
      "license": "MIT"
    },
    "node_modules/tslib": {
      "version": "2.8.1",
      "resolved": "https://registry.npmjs.org/tslib/-/tslib-2.8.1.tgz",
      "integrity": "sha512-oJFu94HQb+KVduSUQL7wnpmqnfmLsOA/nAh6b6EH0wCEoK0/mPeXU6c3wKDV83MkOuHPRHtSXKKU99IBazS/2w==",
      "license": "0BSD"
    },
    "node_modules/typescript": {
      "version": "5.9.2",
      "resolved": "https://registry.npmjs.org/typescript/-/typescript-5.9.2.tgz",
      "integrity": "sha512-CWBzXQrc/qOkhidw1OzBTQuYRbfyxDXJMVJ1XNwUHGROVmuaeiEm3OslpZ1RV96d7SKKjZKrSJu3+t/xlw3R9A==",
      "dev": true,
      "license": "Apache-2.0",
      "bin": {
        "tsc": "bin/tsc",
        "tsserver": "bin/tsserver"
      },
      "engines": {
        "node": ">=14.17"
      }
    },
    "packages/components": {
      "version": "1.0.0",
      "dependencies": {
        "@fluentui/react": "^8.123.6",
        "@frontend/typing": "*"
      },
      "devDependencies": {
        "@types/react": "^19.1.13",
        "@types/react-dom": "^19.1.9",
        "typescript": "^5.9.2"
      }
    },
    "packages/typing": {
      "name": "@frontend/typing",
      "version": "1.0.0"
    }
  }
}
